
Microsoft Visual Studio Solution File, Format Version 12.00
# Visual Studio Version 17
VisualStudioVersion = 17.4.33103.184
MinimumVisualStudioVersion = 10.0.40219.1
Project("{9A19103F-16F7-4668-BE54-9A1E7A4F7556}") = "Model", "Model\Model.csproj", "{6ADE2CCC-AC7E-4684-B6A9-82A88300DECE}"
EndProject
Project("{FAE04EC0-301F-11D3-BF4B-00C04F79EFBC}") = "DataAccessLayer", "DataAccessLayer\DataAccessLayer.csproj", "{6FAF4AD5-7F8A-4B3B-816C-F14B95285F67}"
EndProject
Project("{FAE04EC0-301F-11D3-BF4B-00C04F79EFBC}") = "BussinessLayer", "BussinessLayer\BussinessLayer.csproj", "{3BBCB82C-F1BF-46FC-8C41-686570FA8481}"
EndProject
Project("{FAE04EC0-301F-11D3-BF4B-00C04F79EFBC}") = "API-BTL", "API-BTL\API-BTL.csproj", "{AC1BED46-9AF5-4216-BFFB-753118128AC5}"
EndProject
Global
	GlobalSection(SolutionConfigurationPlatforms) = preSolution
		Debug|Any CPU = Debug|Any CPU
		Release|Any CPU = Release|Any CPU
	EndGlobalSection
	GlobalSection(ProjectConfigurationPlatforms) = postSolution
		{6ADE2CCC-AC7E-4684-B6A9-82A88300DECE}.Debug|Any CPU.ActiveCfg = Debug|Any CPU
		{6ADE2CCC-AC7E-4684-B6A9-82A88300DECE}.Debug|Any CPU.Build.0 = Debug|Any CPU
		{6ADE2CCC-AC7E-4684-B6A9-82A88300DECE}.Release|Any CPU.ActiveCfg = Release|Any CPU
		{6ADE2CCC-AC7E-4684-B6A9-82A88300DECE}.Release|Any CPU.Build.0 = Release|Any CPU
		{6FAF4AD5-7F8A-4B3B-816C-F14B95285F67}.Debug|Any CPU.ActiveCfg = Debug|Any CPU
		{6FAF4AD5-7F8A-4B3B-816C-F14B95285F67}.Debug|Any CPU.Build.0 = Debug|Any CPU
		{6FAF4AD5-7F8A-4B3B-816C-F14B95285F67}.Release|Any CPU.ActiveCfg = Release|Any CPU
		{6FAF4AD5-7F8A-4B3B-816C-F14B95285F67}.Release|Any CPU.Build.0 = Release|Any CPU
		{3BBCB82C-F1BF-46FC-8C41-686570FA8481}.Debug|Any CPU.ActiveCfg = Debug|Any CPU
		{3BBCB82C-F1BF-46FC-8C41-686570FA8481}.Debug|Any CPU.Build.0 = Debug|Any CPU
		{3BBCB82C-F1BF-46FC-8C41-686570FA8481}.Release|Any CPU.ActiveCfg = Release|Any CPU
		{3BBCB82C-F1BF-46FC-8C41-686570FA8481}.Release|Any CPU.Build.0 = Release|Any CPU
		{AC1BED46-9AF5-4216-BFFB-753118128AC5}.Debug|Any CPU.ActiveCfg = Debug|Any CPU
		{AC1BED46-9AF5-4216-BFFB-753118128AC5}.Debug|Any CPU.Build.0 = Debug|Any CPU
		{AC1BED46-9AF5-4216-BFFB-753118128AC5}.Release|Any CPU.ActiveCfg = Release|Any CPU
		{AC1BED46-9AF5-4216-BFFB-753118128AC5}.Release|Any CPU.Build.0 = Release|Any CPU
	EndGlobalSection
	GlobalSection(SolutionProperties) = preSolution
		HideSolutionNode = FALSE
	EndGlobalSection
	GlobalSection(ExtensibilityGlobals) = postSolution
		SolutionGuid = {707F73CE-AE91-4172-878E-2AA0163A9E09}
	EndGlobalSection
EndGlobal
